
Microsoft Visual Studio Solution File, Format Version 12.00
# Visual Studio Version 17
VisualStudioVersion = 17.9.34701.34
MinimumVisualStudioVersion = 10.0.40219.1
Project("{FAE04EC0-301F-11D3-BF4B-00C04F79EFBC}") = "ToDoListTracker", "ToDoListTracker\ToDoListTracker.csproj", "{7DA6D0F0-95B5-4F1E-9BF5-E704F1853BB5}"
EndProject
Global
	GlobalSection(SolutionConfigurationPlatforms) = preSolution
		Debug|Any CPU = Debug|Any CPU
		Release|Any CPU = Release|Any CPU
	EndGlobalSection
	GlobalSection(ProjectConfigurationPlatforms) = postSolution
		{7DA6D0F0-95B5-4F1E-9BF5-E704F1853BB5}.Debug|Any CPU.ActiveCfg = Debug|Any CPU
		{7DA6D0F0-95B5-4F1E-9BF5-E704F1853BB5}.Debug|Any CPU.Build.0 = Debug|Any CPU
		{7DA6D0F0-95B5-4F1E-9BF5-E704F1853BB5}.Release|Any CPU.ActiveCfg = Release|Any CPU
		{7DA6D0F0-95B5-4F1E-9BF5-E704F1853BB5}.Release|Any CPU.Build.0 = Release|Any CPU
	EndGlobalSection
	GlobalSection(SolutionProperties) = preSolution
		HideSolutionNode = FALSE
	EndGlobalSection
	GlobalSection(ExtensibilityGlobals) = postSolution
		SolutionGuid = {51041BA7-23FA-416D-8C6B-BB4E94381828}
	EndGlobalSection
EndGlobal
