
Microsoft Visual Studio Solution File, Format Version 12.00
# Visual Studio Version 17
VisualStudioVersion = 17.9.34701.34
MinimumVisualStudioVersion = 10.0.40219.1
Project("{FAE04EC0-301F-11D3-BF4B-00C04F79EFBC}") = "ToDoListTracker", "ToDoListTracker\ToDoListTracker.csproj", "{7DA6D0F0-95B5-4F1E-9BF5-E704F1853BB5}"
EndProject
Project("{FAE04EC0-301F-11D3-BF4B-00C04F79EFBC}") = "DataAccess", "DataAccess\DataAccess.csproj", "{6EEA6B9D-AAF1-4087-A0B5-443B2FF854AF}"
EndProject
Project("{FAE04EC0-301F-11D3-BF4B-00C04F79EFBC}") = "Models", "Models\Models.csproj", "{7C323D62-4720-4091-A27E-86543631776B}"
EndProject
Project("{FAE04EC0-301F-11D3-BF4B-00C04F79EFBC}") = "Manager", "Manager\Manager.csproj", "{F696FD7B-01DA-43EC-8F14-C3D86CC59249}"
EndProject
Project("{FAE04EC0-301F-11D3-BF4B-00C04F79EFBC}") = "Utils", "Utils\Utils.csproj", "{DF65D7B1-33AB-41C7-ACCD-90E9AC4F4D54}"
EndProject
Project("{FAE04EC0-301F-11D3-BF4B-00C04F79EFBC}") = "WebApp", "WebApp\WebApp.csproj", "{60C13966-F0CD-4E80-8056-0AF792796B15}"
EndProject
Global
	GlobalSection(SolutionConfigurationPlatforms) = preSolution
		Debug|Any CPU = Debug|Any CPU
		Release|Any CPU = Release|Any CPU
	EndGlobalSection
	GlobalSection(ProjectConfigurationPlatforms) = postSolution
		{7DA6D0F0-95B5-4F1E-9BF5-E704F1853BB5}.Debug|Any CPU.ActiveCfg = Debug|Any CPU
		{7DA6D0F0-95B5-4F1E-9BF5-E704F1853BB5}.Debug|Any CPU.Build.0 = Debug|Any CPU
		{7DA6D0F0-95B5-4F1E-9BF5-E704F1853BB5}.Release|Any CPU.ActiveCfg = Release|Any CPU
		{7DA6D0F0-95B5-4F1E-9BF5-E704F1853BB5}.Release|Any CPU.Build.0 = Release|Any CPU
		{6EEA6B9D-AAF1-4087-A0B5-443B2FF854AF}.Debug|Any CPU.ActiveCfg = Debug|Any CPU
		{6EEA6B9D-AAF1-4087-A0B5-443B2FF854AF}.Debug|Any CPU.Build.0 = Debug|Any CPU
		{6EEA6B9D-AAF1-4087-A0B5-443B2FF854AF}.Release|Any CPU.ActiveCfg = Release|Any CPU
		{6EEA6B9D-AAF1-4087-A0B5-443B2FF854AF}.Release|Any CPU.Build.0 = Release|Any CPU
		{7C323D62-4720-4091-A27E-86543631776B}.Debug|Any CPU.ActiveCfg = Debug|Any CPU
		{7C323D62-4720-4091-A27E-86543631776B}.Debug|Any CPU.Build.0 = Debug|Any CPU
		{7C323D62-4720-4091-A27E-86543631776B}.Release|Any CPU.ActiveCfg = Release|Any CPU
		{7C323D62-4720-4091-A27E-86543631776B}.Release|Any CPU.Build.0 = Release|Any CPU
		{F696FD7B-01DA-43EC-8F14-C3D86CC59249}.Debug|Any CPU.ActiveCfg = Debug|Any CPU
		{F696FD7B-01DA-43EC-8F14-C3D86CC59249}.Debug|Any CPU.Build.0 = Debug|Any CPU
		{F696FD7B-01DA-43EC-8F14-C3D86CC59249}.Release|Any CPU.ActiveCfg = Release|Any CPU
		{F696FD7B-01DA-43EC-8F14-C3D86CC59249}.Release|Any CPU.Build.0 = Release|Any CPU
		{DF65D7B1-33AB-41C7-ACCD-90E9AC4F4D54}.Debug|Any CPU.ActiveCfg = Debug|Any CPU
		{DF65D7B1-33AB-41C7-ACCD-90E9AC4F4D54}.Debug|Any CPU.Build.0 = Debug|Any CPU
		{DF65D7B1-33AB-41C7-ACCD-90E9AC4F4D54}.Release|Any CPU.ActiveCfg = Release|Any CPU
		{DF65D7B1-33AB-41C7-ACCD-90E9AC4F4D54}.Release|Any CPU.Build.0 = Release|Any CPU
		{60C13966-F0CD-4E80-8056-0AF792796B15}.Debug|Any CPU.ActiveCfg = Debug|Any CPU
		{60C13966-F0CD-4E80-8056-0AF792796B15}.Debug|Any CPU.Build.0 = Debug|Any CPU
		{60C13966-F0CD-4E80-8056-0AF792796B15}.Release|Any CPU.ActiveCfg = Release|Any CPU
		{60C13966-F0CD-4E80-8056-0AF792796B15}.Release|Any CPU.Build.0 = Release|Any CPU
	EndGlobalSection
	GlobalSection(SolutionProperties) = preSolution
		HideSolutionNode = FALSE
	EndGlobalSection
	GlobalSection(ExtensibilityGlobals) = postSolution
		SolutionGuid = {51041BA7-23FA-416D-8C6B-BB4E94381828}
	EndGlobalSection
EndGlobal
